
Microsoft Visual Studio Solution File, Format Version 12.00
# Visual Studio 15
VisualStudioVersion = 15.0.28307.489
MinimumVisualStudioVersion = 10.0.40219.1
Project("{FAE04EC0-301F-11D3-BF4B-00C04F79EFBC}") = "ImagoCore", "ImagoCore\ImagoCore.csproj", "{A8BA483A-4C03-4F3E-ACA0-6FF2D005043F}"
EndProject
Project("{9A19103F-16F7-4668-BE54-9A1E7A4F7556}") = "ImagoCore.Tests", "ImagoCoreTests\ImagoCore.Tests.csproj", "{64E451B0-F21C-4B8B-8353-8F362CAF613E}"
EndProject
Global
	GlobalSection(SolutionConfigurationPlatforms) = preSolution
		Debug|Any CPU = Debug|Any CPU
		Release|Any CPU = Release|Any CPU
	EndGlobalSection
	GlobalSection(ProjectConfigurationPlatforms) = postSolution
		{A8BA483A-4C03-4F3E-ACA0-6FF2D005043F}.Debug|Any CPU.ActiveCfg = Debug|Any CPU
		{A8BA483A-4C03-4F3E-ACA0-6FF2D005043F}.Debug|Any CPU.Build.0 = Debug|Any CPU
		{A8BA483A-4C03-4F3E-ACA0-6FF2D005043F}.Release|Any CPU.ActiveCfg = Release|Any CPU
		{A8BA483A-4C03-4F3E-ACA0-6FF2D005043F}.Release|Any CPU.Build.0 = Release|Any CPU
		{64E451B0-F21C-4B8B-8353-8F362CAF613E}.Debug|Any CPU.ActiveCfg = Debug|Any CPU
		{64E451B0-F21C-4B8B-8353-8F362CAF613E}.Debug|Any CPU.Build.0 = Debug|Any CPU
		{64E451B0-F21C-4B8B-8353-8F362CAF613E}.Release|Any CPU.ActiveCfg = Release|Any CPU
		{64E451B0-F21C-4B8B-8353-8F362CAF613E}.Release|Any CPU.Build.0 = Release|Any CPU
	EndGlobalSection
	GlobalSection(SolutionProperties) = preSolution
		HideSolutionNode = FALSE
	EndGlobalSection
	GlobalSection(ExtensibilityGlobals) = postSolution
		SolutionGuid = {8600A447-F1C2-46A2-A512-30611AA5B35E}
	EndGlobalSection
EndGlobal
